schema: '2.0'
stages:
  data_generation:
    cmd: python src/data_generation.py --rows 40000 --seed 42 --out 
      data/raw/turbine_data.csv
    deps:
    - path: src/data_generation.py
      hash: md5
      md5: cb539a4515b24ffa2fa13a9a8fafbce0
      size: 6720
    outs:
    - path: data/raw/turbine_data.csv
      hash: md5
      md5: d0059a053986ec41d879d45571fd60ba
      size: 14773884
  preprocessing:
    cmd: python src/preprocessing.py
    deps:
    - path: data/raw/turbine_data.csv
      hash: md5
      md5: d0059a053986ec41d879d45571fd60ba
      size: 14773884
    - path: src/config.py
      hash: md5
      md5: 0000909810a27f5484a742fc371e96c0
      size: 1891
    - path: src/preprocessing.py
      hash: md5
      md5: 5846addeb704ee5ab5341ee22e7ad07c
      size: 3656
    outs:
    - path: data/monitoring/current.csv
      hash: md5
      md5: 96f25cbd119fe782b83c7a36fb6431a4
      size: 1712151
    - path: data/monitoring/reference.csv
      hash: md5
      md5: ee53099d45789a11ce34a1b951a77d03
      size: 9766046
    - path: data/processed/test.csv
      hash: md5
      md5: 53b5f100313f84b85b3dcd18df6a0172
      size: 2295504
    - path: data/processed/train.csv
      hash: md5
      md5: b8693494e69d460ff27687757729a5df
      size: 9182693
    - path: models/feature_list.json
      hash: md5
      md5: dc24b86edb0c420fcf9b697a3ab3a6f8
      size: 320
    - path: reports/figures/correlation_after.png
      hash: md5
      md5: aa97df9c8c2d5fa9cb8f4df5747fe539
      size: 246041
    - path: reports/figures/correlation_before.png
      hash: md5
      md5: 3695cb41b42b39d2d39401d22f0d926c
      size: 340876
  train:
    cmd: python src/train.py
    deps:
    - path: data/processed/test.csv
      hash: md5
      md5: 53b5f100313f84b85b3dcd18df6a0172
      size: 2295504
    - path: data/processed/train.csv
      hash: md5
      md5: b8693494e69d460ff27687757729a5df
      size: 9182693
    - path: src/config.py
      hash: md5
      md5: 0000909810a27f5484a742fc371e96c0
      size: 1891
    - path: src/train.py
      hash: md5
      md5: 08fd9f4f71b383fdaecdb335c59c0455
      size: 9073
    outs:
    - path: models/best_model.pkl
      hash: md5
      md5: b0dc5a9b357a32fa8dafca32baf4f138
      size: 7027323
    - path: reports/model_comparison.csv
      hash: md5
      md5: 04501ecab63aa7e05f07292a54648452
      size: 822
  monitor:
    cmd: python src/monitor.py
    deps:
    - path: data/monitoring/current.csv
      hash: md5
      md5: 96f25cbd119fe782b83c7a36fb6431a4
      size: 1712151
    - path: data/monitoring/reference.csv
      hash: md5
      md5: ee53099d45789a11ce34a1b951a77d03
      size: 9766046
    - path: src/config.py
      hash: md5
      md5: 0000909810a27f5484a742fc371e96c0
      size: 1891
    - path: src/monitor.py
      hash: md5
      md5: 378743b8088c7263467187e5001e54ee
      size: 4499
    outs:
    - path: reports/evidently/data_drift_report.html
      hash: md5
      md5: 5f60b321b7c51331f54dc4342adab6f5
      size: 4715726
    - path: reports/evidently/data_stability_report.html
      hash: md5
      md5: 6973363a500eced38433e093c4cad3dd
      size: 3840730
    - path: reports/evidently/drift_summary.json
      hash: md5
      md5: 2cc827aa832563b9abc6f742a8607851
      size: 820
